
Microsoft Visual Studio Solution File, Format Version 12.00
# Visual Studio Version 17
VisualStudioVersion = 17.11.35222.181
MinimumVisualStudioVersion = 10.0.40219.1
Project("{FAE04EC0-301F-11D3-BF4B-00C04F79EFBC}") = "WpfUIEx", "WpfUIEx.csproj", "{2F0CAFE7-8828-4F08-8411-5F73FDA68EEF}"
EndProject
Global
	GlobalSection(SolutionConfigurationPlatforms) = preSolution
		Debug|Any CPU = Debug|Any CPU
		Release|Any CPU = Release|Any CPU
	EndGlobalSection
	GlobalSection(ProjectConfigurationPlatforms) = postSolution
		{2F0CAFE7-8828-4F08-8411-5F73FDA68EEF}.Debug|Any CPU.ActiveCfg = Debug|Any CPU
		{2F0CAFE7-8828-4F08-8411-5F73FDA68EEF}.Debug|Any CPU.Build.0 = Debug|Any CPU
		{2F0CAFE7-8828-4F08-8411-5F73FDA68EEF}.Release|Any CPU.ActiveCfg = Release|Any CPU
		{2F0CAFE7-8828-4F08-8411-5F73FDA68EEF}.Release|Any CPU.Build.0 = Release|Any CPU
	EndGlobalSection
	GlobalSection(SolutionProperties) = preSolution
		HideSolutionNode = FALSE
	EndGlobalSection
	GlobalSection(ExtensibilityGlobals) = postSolution
		SolutionGuid = {B9697CD7-D391-414D-A174-19179B698F9E}
	EndGlobalSection
EndGlobal
