
Microsoft Visual Studio Solution File, Format Version 12.00
# Visual Studio Version 17
VisualStudioVersion = 17.9.34902.65
MinimumVisualStudioVersion = 10.0.40219.1
Project("{FAE04EC0-301F-11D3-BF4B-00C04F79EFBC}") = "WpfStyleEx", "WpfStyleEx.csproj", "{2E128DEE-D753-4397-98EF-DC6B450F2207}"
EndProject
Global
	GlobalSection(SolutionConfigurationPlatforms) = preSolution
		Debug|Any CPU = Debug|Any CPU
		Release|Any CPU = Release|Any CPU
	EndGlobalSection
	GlobalSection(ProjectConfigurationPlatforms) = postSolution
		{2E128DEE-D753-4397-98EF-DC6B450F2207}.Debug|Any CPU.ActiveCfg = Debug|Any CPU
		{2E128DEE-D753-4397-98EF-DC6B450F2207}.Debug|Any CPU.Build.0 = Debug|Any CPU
		{2E128DEE-D753-4397-98EF-DC6B450F2207}.Release|Any CPU.ActiveCfg = Release|Any CPU
		{2E128DEE-D753-4397-98EF-DC6B450F2207}.Release|Any CPU.Build.0 = Release|Any CPU
	EndGlobalSection
	GlobalSection(SolutionProperties) = preSolution
		HideSolutionNode = FALSE
	EndGlobalSection
	GlobalSection(ExtensibilityGlobals) = postSolution
		SolutionGuid = {3F2BA3A3-605D-49EA-9EA0-889871352A78}
	EndGlobalSection
EndGlobal
