
Microsoft Visual Studio Solution File, Format Version 12.00
# Visual Studio Version 17
VisualStudioVersion = 17.9.34728.123
MinimumVisualStudioVersion = 10.0.40219.1
Project("{FAE04EC0-301F-11D3-BF4B-00C04F79EFBC}") = "WpfAppMW", "WpfAppMW.csproj", "{EA28FC82-ADFD-4BD5-8CFE-06EAA607AD73}"
EndProject
Global
	GlobalSection(SolutionConfigurationPlatforms) = preSolution
		Debug|Any CPU = Debug|Any CPU
		Release|Any CPU = Release|Any CPU
	EndGlobalSection
	GlobalSection(ProjectConfigurationPlatforms) = postSolution
		{EA28FC82-ADFD-4BD5-8CFE-06EAA607AD73}.Debug|Any CPU.ActiveCfg = Debug|Any CPU
		{EA28FC82-ADFD-4BD5-8CFE-06EAA607AD73}.Debug|Any CPU.Build.0 = Debug|Any CPU
		{EA28FC82-ADFD-4BD5-8CFE-06EAA607AD73}.Release|Any CPU.ActiveCfg = Release|Any CPU
		{EA28FC82-ADFD-4BD5-8CFE-06EAA607AD73}.Release|Any CPU.Build.0 = Release|Any CPU
	EndGlobalSection
	GlobalSection(SolutionProperties) = preSolution
		HideSolutionNode = FALSE
	EndGlobalSection
	GlobalSection(ExtensibilityGlobals) = postSolution
		SolutionGuid = {760CA23E-7F72-4C27-8DA3-9D19B23320FA}
	EndGlobalSection
EndGlobal
